
Microsoft Visual Studio Solution File, Format Version 12.00
# Visual Studio 15
Project("{FAE04EC0-301F-11D3-BF4B-00C04F79EFBC}") = "Unity.Timeline", "Unity.Timeline.csproj", "{85B27DF9-7938-16BB-8112-17FB5413BB3E}"
EndProject
Project("{FAE04EC0-301F-11D3-BF4B-00C04F79EFBC}") = "Unity.Timeline.Editor", "Unity.Timeline.Editor.csproj", "{054C10D3-0EDC-6D82-C6C4-E2673D79BB7B}"
EndProject
Project("{FAE04EC0-301F-11D3-BF4B-00C04F79EFBC}") = "Unity.AI.Navigation.Editor", "Unity.AI.Navigation.Editor.csproj", "{A8B723CB-7560-A056-57A6-B1BAE9FC0FAE}"
EndProject
Project("{FAE04EC0-301F-11D3-BF4B-00C04F79EFBC}") = "Unity.Recorder.Editor", "Unity.Recorder.Editor.csproj", "{7FD7DDFA-F7B9-513C-4B6D-A4EA08F1B7E2}"
EndProject
Project("{FAE04EC0-301F-11D3-BF4B-00C04F79EFBC}") = "Unity.PlasticSCM.Editor", "Unity.PlasticSCM.Editor.csproj", "{7B92A73A-CC2C-B555-BE10-58B4AD56D9FA}"
EndProject
Project("{FAE04EC0-301F-11D3-BF4B-00C04F79EFBC}") = "Unity.Burst", "Unity.Burst.csproj", "{7A72C555-54CA-50E6-CA69-CD7E57F2DA30}"
EndProject
Project("{FAE04EC0-301F-11D3-BF4B-00C04F79EFBC}") = "Assembly-CSharp", "Assembly-CSharp.csproj", "{2D8B0EE4-7ABB-029B-7BF4-7C551405FDCB}"
EndProject
Project("{FAE04EC0-301F-11D3-BF4B-00C04F79EFBC}") = "Unity.Barracuda", "Unity.Barracuda.csproj", "{0D2884E5-76F9-C6D3-8DFC-B47D6636DAFB}"
EndProject
Project("{FAE04EC0-301F-11D3-BF4B-00C04F79EFBC}") = "UnityEditor.UI", "UnityEditor.UI.csproj", "{0BE64FE5-B105-2455-FD3A-8722A99ECF63}"
EndProject
Project("{FAE04EC0-301F-11D3-BF4B-00C04F79EFBC}") = "Unity.Mathematics", "Unity.Mathematics.csproj", "{45D2008A-B172-290D-47A5-DD755AF81F30}"
EndProject
Project("{FAE04EC0-301F-11D3-BF4B-00C04F79EFBC}") = "Unity.ML-Agents", "Unity.ML-Agents.csproj", "{25421BAE-E77C-7621-5CBB-DA2C3632B198}"
EndProject
Project("{FAE04EC0-301F-11D3-BF4B-00C04F79EFBC}") = "UnityEditor.TestRunner", "UnityEditor.TestRunner.csproj", "{7BC58EC4-C7FC-070D-81D6-1817B72AF414}"
EndProject
Project("{FAE04EC0-301F-11D3-BF4B-00C04F79EFBC}") = "UnityEngine.TestRunner", "UnityEngine.TestRunner.csproj", "{453DCC6A-205A-6F4F-B565-AE7B0AD9895F}"
EndProject
Project("{FAE04EC0-301F-11D3-BF4B-00C04F79EFBC}") = "UnityEngine.UI", "UnityEngine.UI.csproj", "{7AD563AB-CD3F-96DC-8A83-8CC47F226AF1}"
EndProject
Project("{FAE04EC0-301F-11D3-BF4B-00C04F79EFBC}") = "Unity.Rider.Editor", "Unity.Rider.Editor.csproj", "{15ED7B23-8B0D-5905-F04E-8C52995D8792}"
EndProject
Project("{FAE04EC0-301F-11D3-BF4B-00C04F79EFBC}") = "Unity.ML-Agents.CommunicatorObjects", "Unity.ML-Agents.CommunicatorObjects.csproj", "{2686DFB0-628A-7144-CC35-403BC1CAA54C}"
EndProject
Project("{FAE04EC0-301F-11D3-BF4B-00C04F79EFBC}") = "Unity.VisualStudio.Editor", "Unity.VisualStudio.Editor.csproj", "{2F80F266-4AC5-81D9-C13D-A4C91B5FB823}"
EndProject
Project("{FAE04EC0-301F-11D3-BF4B-00C04F79EFBC}") = "Unity.AI.Navigation", "Unity.AI.Navigation.csproj", "{B8BBE9C9-90E7-A20D-C8A4-20B9080431F8}"
EndProject
Project("{FAE04EC0-301F-11D3-BF4B-00C04F79EFBC}") = "Unity.CollabProxy.Editor", "Unity.CollabProxy.Editor.csproj", "{3EC57079-B7DB-D94B-FCD1-7B6C8AFB2D7D}"
EndProject
Project("{FAE04EC0-301F-11D3-BF4B-00C04F79EFBC}") = "Unity.AI.Navigation.Editor.ConversionSystem", "Unity.AI.Navigation.Editor.ConversionSystem.csproj", "{1BA10363-AFD7-B78D-A92B-8CAEB501873E}"
EndProject
Project("{FAE04EC0-301F-11D3-BF4B-00C04F79EFBC}") = "Assembly-CSharp-Editor", "Assembly-CSharp-Editor.csproj", "{879B7E35-CC53-76D5-4FFD-1161641C77FC}"
EndProject
Project("{FAE04EC0-301F-11D3-BF4B-00C04F79EFBC}") = "Unity.Burst.CodeGen", "Unity.Burst.CodeGen.csproj", "{FD8F2C49-8BDE-CD71-22D8-014979FA2D0C}"
EndProject
Project("{FAE04EC0-301F-11D3-BF4B-00C04F79EFBC}") = "Unity.Barracuda.ONNX", "Unity.Barracuda.ONNX.csproj", "{1F6D6AF8-721E-C9AC-B43A-D42630E7AA53}"
EndProject
Project("{FAE04EC0-301F-11D3-BF4B-00C04F79EFBC}") = "Unity.Burst.Editor", "Unity.Burst.Editor.csproj", "{9F7AEEA5-882B-A3C0-913B-3EBF01D107E2}"
EndProject
Project("{FAE04EC0-301F-11D3-BF4B-00C04F79EFBC}") = "Unity.ML-Agents.Editor", "Unity.ML-Agents.Editor.csproj", "{0193BAFF-4DCA-DE1D-142B-FF71D5663D9A}"
EndProject
Project("{FAE04EC0-301F-11D3-BF4B-00C04F79EFBC}") = "Unity.Barracuda.MacBLAS", "Unity.Barracuda.MacBLAS.csproj", "{5F96446D-0EA0-B800-5751-BA58D2656983}"
EndProject
Project("{FAE04EC0-301F-11D3-BF4B-00C04F79EFBC}") = "Assembly-CSharp-firstpass", "Assembly-CSharp-firstpass.csproj", "{B05E7B0E-0854-24C8-A21E-8DB44A538440}"
EndProject
Project("{FAE04EC0-301F-11D3-BF4B-00C04F79EFBC}") = "Unity.Barracuda.Editor", "Unity.Barracuda.Editor.csproj", "{3EBF2A72-B2D7-38BF-5F3A-C26719A011F0}"
EndProject
Project("{FAE04EC0-301F-11D3-BF4B-00C04F79EFBC}") = "Unity.AI.Navigation.Updater", "Unity.AI.Navigation.Updater.csproj", "{530CD362-86DD-3D7F-B9BE-6F7ECAAF11DE}"
EndProject
Project("{FAE04EC0-301F-11D3-BF4B-00C04F79EFBC}") = "Unity.Recorder.Base", "Unity.Recorder.Base.csproj", "{1AE271D7-5B22-8A85-4D05-6FB11BDEF11D}"
EndProject
Project("{FAE04EC0-301F-11D3-BF4B-00C04F79EFBC}") = "Unity.Recorder", "Unity.Recorder.csproj", "{D60AAB88-6353-F7C2-C712-1FFF338D8C83}"
EndProject
Project("{FAE04EC0-301F-11D3-BF4B-00C04F79EFBC}") = "Unity.Barracuda.BurstBLAS", "Unity.Barracuda.BurstBLAS.csproj", "{61DD4D88-494C-6693-2F24-C4421F564978}"
EndProject
Project("{FAE04EC0-301F-11D3-BF4B-00C04F79EFBC}") = "Unity.Mathematics.Editor", "Unity.Mathematics.Editor.csproj", "{9B9869FF-8E96-F7FF-D80A-C8E587CD61AB}"
EndProject
Project("{FAE04EC0-301F-11D3-BF4B-00C04F79EFBC}") = "Unity.Barracuda.iOSBLAS", "Unity.Barracuda.iOSBLAS.csproj", "{EAE97029-D1CE-59D7-F176-9B00824C3717}"
EndProject
Project("{FAE04EC0-301F-11D3-BF4B-00C04F79EFBC}") = "Unity.Timeline", "Unity.Timeline.Player.csproj", "{66E07A1A-7A0D-2FC6-0054-66072E847815}"
EndProject
Project("{FAE04EC0-301F-11D3-BF4B-00C04F79EFBC}") = "Unity.Burst", "Unity.Burst.Player.csproj", "{1361D03F-2BAC-D2FC-23B6-5BA95A53ED81}"
EndProject
Project("{FAE04EC0-301F-11D3-BF4B-00C04F79EFBC}") = "Assembly-CSharp", "Assembly-CSharp.Player.csproj", "{642918FD-2195-D520-2C72-D61A75A29F4D}"
EndProject
Project("{FAE04EC0-301F-11D3-BF4B-00C04F79EFBC}") = "Unity.Barracuda", "Unity.Barracuda.Player.csproj", "{980F14A2-80FD-E093-2E97-4332749CBFC0}"
EndProject
Project("{FAE04EC0-301F-11D3-BF4B-00C04F79EFBC}") = "Unity.Mathematics", "Unity.Mathematics.Player.csproj", "{E6762531-7F6F-77D1-2E45-DE7B71785E98}"
EndProject
Project("{FAE04EC0-301F-11D3-BF4B-00C04F79EFBC}") = "Unity.ML-Agents", "Unity.ML-Agents.Player.csproj", "{7DECB7DB-7DF2-E48C-E304-D983E617688E}"
EndProject
Project("{FAE04EC0-301F-11D3-BF4B-00C04F79EFBC}") = "UnityEngine.TestRunner", "UnityEngine.TestRunner.Player.csproj", "{EC983B8B-FBDA-641E-933D-933D3B250D1B}"
EndProject
Project("{FAE04EC0-301F-11D3-BF4B-00C04F79EFBC}") = "UnityEngine.UI", "UnityEngine.UI.Player.csproj", "{61056BB9-9342-44E4-3B6A-D3E4CC23BA49}"
EndProject
Project("{FAE04EC0-301F-11D3-BF4B-00C04F79EFBC}") = "Unity.ML-Agents.CommunicatorObjects", "Unity.ML-Agents.CommunicatorObjects.Player.csproj", "{22BE675A-5042-27D2-35F8-C2C330A171B2}"
EndProject
Project("{FAE04EC0-301F-11D3-BF4B-00C04F79EFBC}") = "Unity.AI.Navigation", "Unity.AI.Navigation.Player.csproj", "{59F23A28-378E-BA54-9B88-373A7BB09473}"
EndProject
Project("{FAE04EC0-301F-11D3-BF4B-00C04F79EFBC}") = "Unity.Barracuda.ONNX", "Unity.Barracuda.ONNX.Player.csproj", "{B635A203-E992-EF9F-3758-0554A0421C00}"
EndProject
Project("{FAE04EC0-301F-11D3-BF4B-00C04F79EFBC}") = "Assembly-CSharp-firstpass", "Assembly-CSharp-firstpass.Player.csproj", "{76284F1E-E0F8-7D15-145B-EC2EF87F972D}"
EndProject
Project("{FAE04EC0-301F-11D3-BF4B-00C04F79EFBC}") = "Unity.Recorder.Base", "Unity.Recorder.Base.Player.csproj", "{567FA305-6DD0-1BEF-67C4-F5F82458EC8B}"
EndProject
Project("{FAE04EC0-301F-11D3-BF4B-00C04F79EFBC}") = "Unity.Recorder", "Unity.Recorder.Player.csproj", "{B0B235BE-3E02-842E-3A17-4A38A0285767}"
EndProject
Project("{FAE04EC0-301F-11D3-BF4B-00C04F79EFBC}") = "Unity.Barracuda.BurstBLAS", "Unity.Barracuda.BurstBLAS.Player.csproj", "{9B8DF3AB-99C7-A2DE-80B4-961EE49DE3C9}"
EndProject
Global
	GlobalSection(SolutionConfigurationPlatforms) = preSolution
		Debug|Any CPU = Debug|Any CPU
		Release|Any CPU = Release|Any CPU
	EndGlobalSection
	GlobalSection(ProjectConfigurationPlatforms) = postSolution
		{85B27DF9-7938-16BB-8112-17FB5413BB3E}.Debug|Any CPU.ActiveCfg = Debug|Any CPU
		{85B27DF9-7938-16BB-8112-17FB5413BB3E}.Debug|Any CPU.Build.0 = Debug|Any CPU
		{85B27DF9-7938-16BB-8112-17FB5413BB3E}.Release|Any CPU.ActiveCfg = Release|Any CPU
		{85B27DF9-7938-16BB-8112-17FB5413BB3E}.Release|Any CPU.Build.0 = Release|Any CPU
		{054C10D3-0EDC-6D82-C6C4-E2673D79BB7B}.Debug|Any CPU.ActiveCfg = Debug|Any CPU
		{054C10D3-0EDC-6D82-C6C4-E2673D79BB7B}.Debug|Any CPU.Build.0 = Debug|Any CPU
		{054C10D3-0EDC-6D82-C6C4-E2673D79BB7B}.Release|Any CPU.ActiveCfg = Release|Any CPU
		{054C10D3-0EDC-6D82-C6C4-E2673D79BB7B}.Release|Any CPU.Build.0 = Release|Any CPU
		{A8B723CB-7560-A056-57A6-B1BAE9FC0FAE}.Debug|Any CPU.ActiveCfg = Debug|Any CPU
		{A8B723CB-7560-A056-57A6-B1BAE9FC0FAE}.Debug|Any CPU.Build.0 = Debug|Any CPU
		{A8B723CB-7560-A056-57A6-B1BAE9FC0FAE}.Release|Any CPU.ActiveCfg = Release|Any CPU
		{A8B723CB-7560-A056-57A6-B1BAE9FC0FAE}.Release|Any CPU.Build.0 = Release|Any CPU
		{7FD7DDFA-F7B9-513C-4B6D-A4EA08F1B7E2}.Debug|Any CPU.ActiveCfg = Debug|Any CPU
		{7FD7DDFA-F7B9-513C-4B6D-A4EA08F1B7E2}.Debug|Any CPU.Build.0 = Debug|Any CPU
		{7FD7DDFA-F7B9-513C-4B6D-A4EA08F1B7E2}.Release|Any CPU.ActiveCfg = Release|Any CPU
		{7FD7DDFA-F7B9-513C-4B6D-A4EA08F1B7E2}.Release|Any CPU.Build.0 = Release|Any CPU
		{7B92A73A-CC2C-B555-BE10-58B4AD56D9FA}.Debug|Any CPU.ActiveCfg = Debug|Any CPU
		{7B92A73A-CC2C-B555-BE10-58B4AD56D9FA}.Debug|Any CPU.Build.0 = Debug|Any CPU
		{7B92A73A-CC2C-B555-BE10-58B4AD56D9FA}.Release|Any CPU.ActiveCfg = Release|Any CPU
		{7B92A73A-CC2C-B555-BE10-58B4AD56D9FA}.Release|Any CPU.Build.0 = Release|Any CPU
		{7A72C555-54CA-50E6-CA69-CD7E57F2DA30}.Debug|Any CPU.ActiveCfg = Debug|Any CPU
		{7A72C555-54CA-50E6-CA69-CD7E57F2DA30}.Debug|Any CPU.Build.0 = Debug|Any CPU
		{7A72C555-54CA-50E6-CA69-CD7E57F2DA30}.Release|Any CPU.ActiveCfg = Release|Any CPU
		{7A72C555-54CA-50E6-CA69-CD7E57F2DA30}.Release|Any CPU.Build.0 = Release|Any CPU
		{2D8B0EE4-7ABB-029B-7BF4-7C551405FDCB}.Debug|Any CPU.ActiveCfg = Debug|Any CPU
		{2D8B0EE4-7ABB-029B-7BF4-7C551405FDCB}.Debug|Any CPU.Build.0 = Debug|Any CPU
		{2D8B0EE4-7ABB-029B-7BF4-7C551405FDCB}.Release|Any CPU.ActiveCfg = Release|Any CPU
		{2D8B0EE4-7ABB-029B-7BF4-7C551405FDCB}.Release|Any CPU.Build.0 = Release|Any CPU
		{0D2884E5-76F9-C6D3-8DFC-B47D6636DAFB}.Debug|Any CPU.ActiveCfg = Debug|Any CPU
		{0D2884E5-76F9-C6D3-8DFC-B47D6636DAFB}.Debug|Any CPU.Build.0 = Debug|Any CPU
		{0D2884E5-76F9-C6D3-8DFC-B47D6636DAFB}.Release|Any CPU.ActiveCfg = Release|Any CPU
		{0D2884E5-76F9-C6D3-8DFC-B47D6636DAFB}.Release|Any CPU.Build.0 = Release|Any CPU
		{0BE64FE5-B105-2455-FD3A-8722A99ECF63}.Debug|Any CPU.ActiveCfg = Debug|Any CPU
		{0BE64FE5-B105-2455-FD3A-8722A99ECF63}.Debug|Any CPU.Build.0 = Debug|Any CPU
		{0BE64FE5-B105-2455-FD3A-8722A99ECF63}.Release|Any CPU.ActiveCfg = Release|Any CPU
		{0BE64FE5-B105-2455-FD3A-8722A99ECF63}.Release|Any CPU.Build.0 = Release|Any CPU
		{45D2008A-B172-290D-47A5-DD755AF81F30}.Debug|Any CPU.ActiveCfg = Debug|Any CPU
		{45D2008A-B172-290D-47A5-DD755AF81F30}.Debug|Any CPU.Build.0 = Debug|Any CPU
		{45D2008A-B172-290D-47A5-DD755AF81F30}.Release|Any CPU.ActiveCfg = Release|Any CPU
		{45D2008A-B172-290D-47A5-DD755AF81F30}.Release|Any CPU.Build.0 = Release|Any CPU
		{25421BAE-E77C-7621-5CBB-DA2C3632B198}.Debug|Any CPU.ActiveCfg = Debug|Any CPU
		{25421BAE-E77C-7621-5CBB-DA2C3632B198}.Debug|Any CPU.Build.0 = Debug|Any CPU
		{25421BAE-E77C-7621-5CBB-DA2C3632B198}.Release|Any CPU.ActiveCfg = Release|Any CPU
		{25421BAE-E77C-7621-5CBB-DA2C3632B198}.Release|Any CPU.Build.0 = Release|Any CPU
		{7BC58EC4-C7FC-070D-81D6-1817B72AF414}.Debug|Any CPU.ActiveCfg = Debug|Any CPU
		{7BC58EC4-C7FC-070D-81D6-1817B72AF414}.Debug|Any CPU.Build.0 = Debug|Any CPU
		{7BC58EC4-C7FC-070D-81D6-1817B72AF414}.Release|Any CPU.ActiveCfg = Release|Any CPU
		{7BC58EC4-C7FC-070D-81D6-1817B72AF414}.Release|Any CPU.Build.0 = Release|Any CPU
		{453DCC6A-205A-6F4F-B565-AE7B0AD9895F}.Debug|Any CPU.ActiveCfg = Debug|Any CPU
		{453DCC6A-205A-6F4F-B565-AE7B0AD9895F}.Debug|Any CPU.Build.0 = Debug|Any CPU
		{453DCC6A-205A-6F4F-B565-AE7B0AD9895F}.Release|Any CPU.ActiveCfg = Release|Any CPU
		{453DCC6A-205A-6F4F-B565-AE7B0AD9895F}.Release|Any CPU.Build.0 = Release|Any CPU
		{7AD563AB-CD3F-96DC-8A83-8CC47F226AF1}.Debug|Any CPU.ActiveCfg = Debug|Any CPU
		{7AD563AB-CD3F-96DC-8A83-8CC47F226AF1}.Debug|Any CPU.Build.0 = Debug|Any CPU
		{7AD563AB-CD3F-96DC-8A83-8CC47F226AF1}.Release|Any CPU.ActiveCfg = Release|Any CPU
		{7AD563AB-CD3F-96DC-8A83-8CC47F226AF1}.Release|Any CPU.Build.0 = Release|Any CPU
		{15ED7B23-8B0D-5905-F04E-8C52995D8792}.Debug|Any CPU.ActiveCfg = Debug|Any CPU
		{15ED7B23-8B0D-5905-F04E-8C52995D8792}.Debug|Any CPU.Build.0 = Debug|Any CPU
		{15ED7B23-8B0D-5905-F04E-8C52995D8792}.Release|Any CPU.ActiveCfg = Release|Any CPU
		{15ED7B23-8B0D-5905-F04E-8C52995D8792}.Release|Any CPU.Build.0 = Release|Any CPU
		{2686DFB0-628A-7144-CC35-403BC1CAA54C}.Debug|Any CPU.ActiveCfg = Debug|Any CPU
		{2686DFB0-628A-7144-CC35-403BC1CAA54C}.Debug|Any CPU.Build.0 = Debug|Any CPU
		{2686DFB0-628A-7144-CC35-403BC1CAA54C}.Release|Any CPU.ActiveCfg = Release|Any CPU
		{2686DFB0-628A-7144-CC35-403BC1CAA54C}.Release|Any CPU.Build.0 = Release|Any CPU
		{2F80F266-4AC5-81D9-C13D-A4C91B5FB823}.Debug|Any CPU.ActiveCfg = Debug|Any CPU
		{2F80F266-4AC5-81D9-C13D-A4C91B5FB823}.Debug|Any CPU.Build.0 = Debug|Any CPU
		{2F80F266-4AC5-81D9-C13D-A4C91B5FB823}.Release|Any CPU.ActiveCfg = Release|Any CPU
		{2F80F266-4AC5-81D9-C13D-A4C91B5FB823}.Release|Any CPU.Build.0 = Release|Any CPU
		{B8BBE9C9-90E7-A20D-C8A4-20B9080431F8}.Debug|Any CPU.ActiveCfg = Debug|Any CPU
		{B8BBE9C9-90E7-A20D-C8A4-20B9080431F8}.Debug|Any CPU.Build.0 = Debug|Any CPU
		{B8BBE9C9-90E7-A20D-C8A4-20B9080431F8}.Release|Any CPU.ActiveCfg = Release|Any CPU
		{B8BBE9C9-90E7-A20D-C8A4-20B9080431F8}.Release|Any CPU.Build.0 = Release|Any CPU
		{3EC57079-B7DB-D94B-FCD1-7B6C8AFB2D7D}.Debug|Any CPU.ActiveCfg = Debug|Any CPU
		{3EC57079-B7DB-D94B-FCD1-7B6C8AFB2D7D}.Debug|Any CPU.Build.0 = Debug|Any CPU
		{3EC57079-B7DB-D94B-FCD1-7B6C8AFB2D7D}.Release|Any CPU.ActiveCfg = Release|Any CPU
		{3EC57079-B7DB-D94B-FCD1-7B6C8AFB2D7D}.Release|Any CPU.Build.0 = Release|Any CPU
		{1BA10363-AFD7-B78D-A92B-8CAEB501873E}.Debug|Any CPU.ActiveCfg = Debug|Any CPU
		{1BA10363-AFD7-B78D-A92B-8CAEB501873E}.Debug|Any CPU.Build.0 = Debug|Any CPU
		{1BA10363-AFD7-B78D-A92B-8CAEB501873E}.Release|Any CPU.ActiveCfg = Release|Any CPU
		{1BA10363-AFD7-B78D-A92B-8CAEB501873E}.Release|Any CPU.Build.0 = Release|Any CPU
		{879B7E35-CC53-76D5-4FFD-1161641C77FC}.Debug|Any CPU.ActiveCfg = Debug|Any CPU
		{879B7E35-CC53-76D5-4FFD-1161641C77FC}.Debug|Any CPU.Build.0 = Debug|Any CPU
		{879B7E35-CC53-76D5-4FFD-1161641C77FC}.Release|Any CPU.ActiveCfg = Release|Any CPU
		{879B7E35-CC53-76D5-4FFD-1161641C77FC}.Release|Any CPU.Build.0 = Release|Any CPU
		{FD8F2C49-8BDE-CD71-22D8-014979FA2D0C}.Debug|Any CPU.ActiveCfg = Debug|Any CPU
		{FD8F2C49-8BDE-CD71-22D8-014979FA2D0C}.Debug|Any CPU.Build.0 = Debug|Any CPU
		{FD8F2C49-8BDE-CD71-22D8-014979FA2D0C}.Release|Any CPU.ActiveCfg = Release|Any CPU
		{FD8F2C49-8BDE-CD71-22D8-014979FA2D0C}.Release|Any CPU.Build.0 = Release|Any CPU
		{1F6D6AF8-721E-C9AC-B43A-D42630E7AA53}.Debug|Any CPU.ActiveCfg = Debug|Any CPU
		{1F6D6AF8-721E-C9AC-B43A-D42630E7AA53}.Debug|Any CPU.Build.0 = Debug|Any CPU
		{1F6D6AF8-721E-C9AC-B43A-D42630E7AA53}.Release|Any CPU.ActiveCfg = Release|Any CPU
		{1F6D6AF8-721E-C9AC-B43A-D42630E7AA53}.Release|Any CPU.Build.0 = Release|Any CPU
		{9F7AEEA5-882B-A3C0-913B-3EBF01D107E2}.Debug|Any CPU.ActiveCfg = Debug|Any CPU
		{9F7AEEA5-882B-A3C0-913B-3EBF01D107E2}.Debug|Any CPU.Build.0 = Debug|Any CPU
		{9F7AEEA5-882B-A3C0-913B-3EBF01D107E2}.Release|Any CPU.ActiveCfg = Release|Any CPU
		{9F7AEEA5-882B-A3C0-913B-3EBF01D107E2}.Release|Any CPU.Build.0 = Release|Any CPU
		{0193BAFF-4DCA-DE1D-142B-FF71D5663D9A}.Debug|Any CPU.ActiveCfg = Debug|Any CPU
		{0193BAFF-4DCA-DE1D-142B-FF71D5663D9A}.Debug|Any CPU.Build.0 = Debug|Any CPU
		{0193BAFF-4DCA-DE1D-142B-FF71D5663D9A}.Release|Any CPU.ActiveCfg = Release|Any CPU
		{0193BAFF-4DCA-DE1D-142B-FF71D5663D9A}.Release|Any CPU.Build.0 = Release|Any CPU
		{5F96446D-0EA0-B800-5751-BA58D2656983}.Debug|Any CPU.ActiveCfg = Debug|Any CPU
		{5F96446D-0EA0-B800-5751-BA58D2656983}.Debug|Any CPU.Build.0 = Debug|Any CPU
		{5F96446D-0EA0-B800-5751-BA58D2656983}.Release|Any CPU.ActiveCfg = Release|Any CPU
		{5F96446D-0EA0-B800-5751-BA58D2656983}.Release|Any CPU.Build.0 = Release|Any CPU
		{B05E7B0E-0854-24C8-A21E-8DB44A538440}.Debug|Any CPU.ActiveCfg = Debug|Any CPU
		{B05E7B0E-0854-24C8-A21E-8DB44A538440}.Debug|Any CPU.Build.0 = Debug|Any CPU
		{B05E7B0E-0854-24C8-A21E-8DB44A538440}.Release|Any CPU.ActiveCfg = Release|Any CPU
		{B05E7B0E-0854-24C8-A21E-8DB44A538440}.Release|Any CPU.Build.0 = Release|Any CPU
		{3EBF2A72-B2D7-38BF-5F3A-C26719A011F0}.Debug|Any CPU.ActiveCfg = Debug|Any CPU
		{3EBF2A72-B2D7-38BF-5F3A-C26719A011F0}.Debug|Any CPU.Build.0 = Debug|Any CPU
		{3EBF2A72-B2D7-38BF-5F3A-C26719A011F0}.Release|Any CPU.ActiveCfg = Release|Any CPU
		{3EBF2A72-B2D7-38BF-5F3A-C26719A011F0}.Release|Any CPU.Build.0 = Release|Any CPU
		{530CD362-86DD-3D7F-B9BE-6F7ECAAF11DE}.Debug|Any CPU.ActiveCfg = Debug|Any CPU
		{530CD362-86DD-3D7F-B9BE-6F7ECAAF11DE}.Debug|Any CPU.Build.0 = Debug|Any CPU
		{530CD362-86DD-3D7F-B9BE-6F7ECAAF11DE}.Release|Any CPU.ActiveCfg = Release|Any CPU
		{530CD362-86DD-3D7F-B9BE-6F7ECAAF11DE}.Release|Any CPU.Build.0 = Release|Any CPU
		{1AE271D7-5B22-8A85-4D05-6FB11BDEF11D}.Debug|Any CPU.ActiveCfg = Debug|Any CPU
		{1AE271D7-5B22-8A85-4D05-6FB11BDEF11D}.Debug|Any CPU.Build.0 = Debug|Any CPU
		{1AE271D7-5B22-8A85-4D05-6FB11BDEF11D}.Release|Any CPU.ActiveCfg = Release|Any CPU
		{1AE271D7-5B22-8A85-4D05-6FB11BDEF11D}.Release|Any CPU.Build.0 = Release|Any CPU
		{D60AAB88-6353-F7C2-C712-1FFF338D8C83}.Debug|Any CPU.ActiveCfg = Debug|Any CPU
		{D60AAB88-6353-F7C2-C712-1FFF338D8C83}.Debug|Any CPU.Build.0 = Debug|Any CPU
		{D60AAB88-6353-F7C2-C712-1FFF338D8C83}.Release|Any CPU.ActiveCfg = Release|Any CPU
		{D60AAB88-6353-F7C2-C712-1FFF338D8C83}.Release|Any CPU.Build.0 = Release|Any CPU
		{61DD4D88-494C-6693-2F24-C4421F564978}.Debug|Any CPU.ActiveCfg = Debug|Any CPU
		{61DD4D88-494C-6693-2F24-C4421F564978}.Debug|Any CPU.Build.0 = Debug|Any CPU
		{61DD4D88-494C-6693-2F24-C4421F564978}.Release|Any CPU.ActiveCfg = Release|Any CPU
		{61DD4D88-494C-6693-2F24-C4421F564978}.Release|Any CPU.Build.0 = Release|Any CPU
		{9B9869FF-8E96-F7FF-D80A-C8E587CD61AB}.Debug|Any CPU.ActiveCfg = Debug|Any CPU
		{9B9869FF-8E96-F7FF-D80A-C8E587CD61AB}.Debug|Any CPU.Build.0 = Debug|Any CPU
		{9B9869FF-8E96-F7FF-D80A-C8E587CD61AB}.Release|Any CPU.ActiveCfg = Release|Any CPU
		{9B9869FF-8E96-F7FF-D80A-C8E587CD61AB}.Release|Any CPU.Build.0 = Release|Any CPU
		{EAE97029-D1CE-59D7-F176-9B00824C3717}.Debug|Any CPU.ActiveCfg = Debug|Any CPU
		{EAE97029-D1CE-59D7-F176-9B00824C3717}.Debug|Any CPU.Build.0 = Debug|Any CPU
		{EAE97029-D1CE-59D7-F176-9B00824C3717}.Release|Any CPU.ActiveCfg = Release|Any CPU
		{EAE97029-D1CE-59D7-F176-9B00824C3717}.Release|Any CPU.Build.0 = Release|Any CPU
		{66E07A1A-7A0D-2FC6-0054-66072E847815}.Debug|Any CPU.ActiveCfg = Debug|Any CPU
		{66E07A1A-7A0D-2FC6-0054-66072E847815}.Debug|Any CPU.Build.0 = Debug|Any CPU
		{66E07A1A-7A0D-2FC6-0054-66072E847815}.Release|Any CPU.ActiveCfg = Release|Any CPU
		{66E07A1A-7A0D-2FC6-0054-66072E847815}.Release|Any CPU.Build.0 = Release|Any CPU
		{1361D03F-2BAC-D2FC-23B6-5BA95A53ED81}.Debug|Any CPU.ActiveCfg = Debug|Any CPU
		{1361D03F-2BAC-D2FC-23B6-5BA95A53ED81}.Debug|Any CPU.Build.0 = Debug|Any CPU
		{1361D03F-2BAC-D2FC-23B6-5BA95A53ED81}.Release|Any CPU.ActiveCfg = Release|Any CPU
		{1361D03F-2BAC-D2FC-23B6-5BA95A53ED81}.Release|Any CPU.Build.0 = Release|Any CPU
		{642918FD-2195-D520-2C72-D61A75A29F4D}.Debug|Any CPU.ActiveCfg = Debug|Any CPU
		{642918FD-2195-D520-2C72-D61A75A29F4D}.Debug|Any CPU.Build.0 = Debug|Any CPU
		{642918FD-2195-D520-2C72-D61A75A29F4D}.Release|Any CPU.ActiveCfg = Release|Any CPU
		{642918FD-2195-D520-2C72-D61A75A29F4D}.Release|Any CPU.Build.0 = Release|Any CPU
		{980F14A2-80FD-E093-2E97-4332749CBFC0}.Debug|Any CPU.ActiveCfg = Debug|Any CPU
		{980F14A2-80FD-E093-2E97-4332749CBFC0}.Debug|Any CPU.Build.0 = Debug|Any CPU
		{980F14A2-80FD-E093-2E97-4332749CBFC0}.Release|Any CPU.ActiveCfg = Release|Any CPU
		{980F14A2-80FD-E093-2E97-4332749CBFC0}.Release|Any CPU.Build.0 = Release|Any CPU
		{E6762531-7F6F-77D1-2E45-DE7B71785E98}.Debug|Any CPU.ActiveCfg = Debug|Any CPU
		{E6762531-7F6F-77D1-2E45-DE7B71785E98}.Debug|Any CPU.Build.0 = Debug|Any CPU
		{E6762531-7F6F-77D1-2E45-DE7B71785E98}.Release|Any CPU.ActiveCfg = Release|Any CPU
		{E6762531-7F6F-77D1-2E45-DE7B71785E98}.Release|Any CPU.Build.0 = Release|Any CPU
		{7DECB7DB-7DF2-E48C-E304-D983E617688E}.Debug|Any CPU.ActiveCfg = Debug|Any CPU
		{7DECB7DB-7DF2-E48C-E304-D983E617688E}.Debug|Any CPU.Build.0 = Debug|Any CPU
		{7DECB7DB-7DF2-E48C-E304-D983E617688E}.Release|Any CPU.ActiveCfg = Release|Any CPU
		{7DECB7DB-7DF2-E48C-E304-D983E617688E}.Release|Any CPU.Build.0 = Release|Any CPU
		{EC983B8B-FBDA-641E-933D-933D3B250D1B}.Debug|Any CPU.ActiveCfg = Debug|Any CPU
		{EC983B8B-FBDA-641E-933D-933D3B250D1B}.Debug|Any CPU.Build.0 = Debug|Any CPU
		{EC983B8B-FBDA-641E-933D-933D3B250D1B}.Release|Any CPU.ActiveCfg = Release|Any CPU
		{EC983B8B-FBDA-641E-933D-933D3B250D1B}.Release|Any CPU.Build.0 = Release|Any CPU
		{61056BB9-9342-44E4-3B6A-D3E4CC23BA49}.Debug|Any CPU.ActiveCfg = Debug|Any CPU
		{61056BB9-9342-44E4-3B6A-D3E4CC23BA49}.Debug|Any CPU.Build.0 = Debug|Any CPU
		{61056BB9-9342-44E4-3B6A-D3E4CC23BA49}.Release|Any CPU.ActiveCfg = Release|Any CPU
		{61056BB9-9342-44E4-3B6A-D3E4CC23BA49}.Release|Any CPU.Build.0 = Release|Any CPU
		{22BE675A-5042-27D2-35F8-C2C330A171B2}.Debug|Any CPU.ActiveCfg = Debug|Any CPU
		{22BE675A-5042-27D2-35F8-C2C330A171B2}.Debug|Any CPU.Build.0 = Debug|Any CPU
		{22BE675A-5042-27D2-35F8-C2C330A171B2}.Release|Any CPU.ActiveCfg = Release|Any CPU
		{22BE675A-5042-27D2-35F8-C2C330A171B2}.Release|Any CPU.Build.0 = Release|Any CPU
		{59F23A28-378E-BA54-9B88-373A7BB09473}.Debug|Any CPU.ActiveCfg = Debug|Any CPU
		{59F23A28-378E-BA54-9B88-373A7BB09473}.Debug|Any CPU.Build.0 = Debug|Any CPU
		{59F23A28-378E-BA54-9B88-373A7BB09473}.Release|Any CPU.ActiveCfg = Release|Any CPU
		{59F23A28-378E-BA54-9B88-373A7BB09473}.Release|Any CPU.Build.0 = Release|Any CPU
		{B635A203-E992-EF9F-3758-0554A0421C00}.Debug|Any CPU.ActiveCfg = Debug|Any CPU
		{B635A203-E992-EF9F-3758-0554A0421C00}.Debug|Any CPU.Build.0 = Debug|Any CPU
		{B635A203-E992-EF9F-3758-0554A0421C00}.Release|Any CPU.ActiveCfg = Release|Any CPU
		{B635A203-E992-EF9F-3758-0554A0421C00}.Release|Any CPU.Build.0 = Release|Any CPU
		{76284F1E-E0F8-7D15-145B-EC2EF87F972D}.Debug|Any CPU.ActiveCfg = Debug|Any CPU
		{76284F1E-E0F8-7D15-145B-EC2EF87F972D}.Debug|Any CPU.Build.0 = Debug|Any CPU
		{76284F1E-E0F8-7D15-145B-EC2EF87F972D}.Release|Any CPU.ActiveCfg = Release|Any CPU
		{76284F1E-E0F8-7D15-145B-EC2EF87F972D}.Release|Any CPU.Build.0 = Release|Any CPU
		{567FA305-6DD0-1BEF-67C4-F5F82458EC8B}.Debug|Any CPU.ActiveCfg = Debug|Any CPU
		{567FA305-6DD0-1BEF-67C4-F5F82458EC8B}.Debug|Any CPU.Build.0 = Debug|Any CPU
		{567FA305-6DD0-1BEF-67C4-F5F82458EC8B}.Release|Any CPU.ActiveCfg = Release|Any CPU
		{567FA305-6DD0-1BEF-67C4-F5F82458EC8B}.Release|Any CPU.Build.0 = Release|Any CPU
		{B0B235BE-3E02-842E-3A17-4A38A0285767}.Debug|Any CPU.ActiveCfg = Debug|Any CPU
		{B0B235BE-3E02-842E-3A17-4A38A0285767}.Debug|Any CPU.Build.0 = Debug|Any CPU
		{B0B235BE-3E02-842E-3A17-4A38A0285767}.Release|Any CPU.ActiveCfg = Release|Any CPU
		{B0B235BE-3E02-842E-3A17-4A38A0285767}.Release|Any CPU.Build.0 = Release|Any CPU
		{9B8DF3AB-99C7-A2DE-80B4-961EE49DE3C9}.Debug|Any CPU.ActiveCfg = Debug|Any CPU
		{9B8DF3AB-99C7-A2DE-80B4-961EE49DE3C9}.Debug|Any CPU.Build.0 = Debug|Any CPU
		{9B8DF3AB-99C7-A2DE-80B4-961EE49DE3C9}.Release|Any CPU.ActiveCfg = Release|Any CPU
		{9B8DF3AB-99C7-A2DE-80B4-961EE49DE3C9}.Release|Any CPU.Build.0 = Release|Any CPU
	EndGlobalSection
	GlobalSection(SolutionProperties) = preSolution
		HideSolutionNode = FALSE
	EndGlobalSection
EndGlobal
